
Microsoft Visual Studio Solution File, Format Version 12.00
# Visual Studio Version 16
VisualStudioVersion = 16.0.29006.145
MinimumVisualStudioVersion = 10.0.40219.1
Project("{FAE04EC0-301F-11D3-BF4B-00C04F79EFBC}") = "CodeBlogFitness.BL", "CodeBlogFitness.BL\CodeBlogFitness.BL.csproj", "{7BA03465-2BF7-45F5-A1C6-348065DFB4D1}"
EndProject
Project("{FAE04EC0-301F-11D3-BF4B-00C04F79EFBC}") = "CodeBlogFitness.CMD", "CodeBlogFitness.CMD\CodeBlogFitness.CMD.csproj", "{6FEF0090-2222-48FC-B566-01665C97AF2E}"
EndProject
Global
	GlobalSection(SolutionConfigurationPlatforms) = preSolution
		Debug|Any CPU = Debug|Any CPU
		Release|Any CPU = Release|Any CPU
	EndGlobalSection
	GlobalSection(ProjectConfigurationPlatforms) = postSolution
		{7BA03465-2BF7-45F5-A1C6-348065DFB4D1}.Debug|Any CPU.ActiveCfg = Debug|Any CPU
		{7BA03465-2BF7-45F5-A1C6-348065DFB4D1}.Debug|Any CPU.Build.0 = Debug|Any CPU
		{7BA03465-2BF7-45F5-A1C6-348065DFB4D1}.Release|Any CPU.ActiveCfg = Release|Any CPU
		{7BA03465-2BF7-45F5-A1C6-348065DFB4D1}.Release|Any CPU.Build.0 = Release|Any CPU
		{6FEF0090-2222-48FC-B566-01665C97AF2E}.Debug|Any CPU.ActiveCfg = Debug|Any CPU
		{6FEF0090-2222-48FC-B566-01665C97AF2E}.Debug|Any CPU.Build.0 = Debug|Any CPU
		{6FEF0090-2222-48FC-B566-01665C97AF2E}.Release|Any CPU.ActiveCfg = Release|Any CPU
		{6FEF0090-2222-48FC-B566-01665C97AF2E}.Release|Any CPU.Build.0 = Release|Any CPU
	EndGlobalSection
	GlobalSection(SolutionProperties) = preSolution
		HideSolutionNode = FALSE
	EndGlobalSection
	GlobalSection(ExtensibilityGlobals) = postSolution
		SolutionGuid = {B01B3D2E-7E00-48FB-BC7F-59299621DB9E}
	EndGlobalSection
EndGlobal
